
Microsoft Visual Studio Solution File, Format Version 12.00
# Visual Studio Version 17
VisualStudioVersion = 17.5.33502.453
MinimumVisualStudioVersion = 10.0.40219.1
Project("{2150E333-8FDC-42A3-9474-1A3956D46DE8}") = "Application", "Application", "{908E884B-89AA-4FCC-8E12-71611F967834}"
EndProject
Project("{2150E333-8FDC-42A3-9474-1A3956D46DE8}") = "Services", "Services", "{BEAD0D2D-81A2-4B7F-8C30-2627779C8DE1}"
EndProject
Project("{2150E333-8FDC-42A3-9474-1A3956D46DE8}") = "Common", "Common", "{5F883E30-4395-4F90-ABEA-9B512A82F1C1}"
EndProject
Project("{2150E333-8FDC-42A3-9474-1A3956D46DE8}") = "3rdParty", "3rdParty", "{064EB41F-1EAD-4A57-929C-9B0C859C2E6A}"
EndProject
Project("{9A19103F-16F7-4668-BE54-9A1E7A4F7556}") = "ATE", "Application\ATE\ATE.csproj", "{67ED3366-EC71-4CA0-9A4A-7466E9561D91}"
EndProject
Project("{9A19103F-16F7-4668-BE54-9A1E7A4F7556}") = "ATE.Common", "Common\ATE.Common\ATE.Common.csproj", "{F965D738-5763-424A-B030-EC52EDBCCEEE}"
EndProject
Project("{9A19103F-16F7-4668-BE54-9A1E7A4F7556}") = "ATE.Service", "Services\ATE.Service\ATE.Service.csproj", "{9B35999A-B3B8-4D21-8F25-5F8E3D5B5477}"
EndProject
Project("{9A19103F-16F7-4668-BE54-9A1E7A4F7556}") = "ATE.IService", "Services\ATE.IService\ATE.IService.csproj", "{AB06FA94-81BD-49DB-8CE4-D3B387515AE2}"
EndProject
Project("{9A19103F-16F7-4668-BE54-9A1E7A4F7556}") = "Zoranof.UI.Wpf", "..\..\..\Zoranof.UI.Wpf\src\Zoranof.UI.Wpf\Zoranof.UI.Wpf.csproj", "{82499EA3-71FF-48A1-A1FF-4201A7C42A16}"
EndProject
Project("{9A19103F-16F7-4668-BE54-9A1E7A4F7556}") = "ATE.UI", "ATE.UI\ATE.UI.csproj", "{514146A9-6D3D-4795-9CE2-FBC0211C3459}"
EndProject
Project("{FAE04EC0-301F-11D3-BF4B-00C04F79EFBC}") = "ATE.Core", "ATE.Core\ATE.Core.csproj", "{E273BFE0-A42A-4C25-93BC-E68B2497377B}"
EndProject
Project("{FAE04EC0-301F-11D3-BF4B-00C04F79EFBC}") = "ATE.NodeEditor", "ATE.NodeEditor\ATE.NodeEditor.csproj", "{163EF09D-BEA8-4388-8586-F6E1F3F6B725}"
EndProject
Global
	GlobalSection(SolutionConfigurationPlatforms) = preSolution
		Debug|Any CPU = Debug|Any CPU
		Release|Any CPU = Release|Any CPU
	EndGlobalSection
	GlobalSection(ProjectConfigurationPlatforms) = postSolution
		{67ED3366-EC71-4CA0-9A4A-7466E9561D91}.Debug|Any CPU.ActiveCfg = Debug|Any CPU
		{67ED3366-EC71-4CA0-9A4A-7466E9561D91}.Debug|Any CPU.Build.0 = Debug|Any CPU
		{67ED3366-EC71-4CA0-9A4A-7466E9561D91}.Release|Any CPU.ActiveCfg = Release|Any CPU
		{67ED3366-EC71-4CA0-9A4A-7466E9561D91}.Release|Any CPU.Build.0 = Release|Any CPU
		{F965D738-5763-424A-B030-EC52EDBCCEEE}.Debug|Any CPU.ActiveCfg = Debug|Any CPU
		{F965D738-5763-424A-B030-EC52EDBCCEEE}.Debug|Any CPU.Build.0 = Debug|Any CPU
		{F965D738-5763-424A-B030-EC52EDBCCEEE}.Release|Any CPU.ActiveCfg = Release|Any CPU
		{F965D738-5763-424A-B030-EC52EDBCCEEE}.Release|Any CPU.Build.0 = Release|Any CPU
		{9B35999A-B3B8-4D21-8F25-5F8E3D5B5477}.Debug|Any CPU.ActiveCfg = Debug|Any CPU
		{9B35999A-B3B8-4D21-8F25-5F8E3D5B5477}.Debug|Any CPU.Build.0 = Debug|Any CPU
		{9B35999A-B3B8-4D21-8F25-5F8E3D5B5477}.Release|Any CPU.ActiveCfg = Release|Any CPU
		{9B35999A-B3B8-4D21-8F25-5F8E3D5B5477}.Release|Any CPU.Build.0 = Release|Any CPU
		{AB06FA94-81BD-49DB-8CE4-D3B387515AE2}.Debug|Any CPU.ActiveCfg = Debug|Any CPU
		{AB06FA94-81BD-49DB-8CE4-D3B387515AE2}.Debug|Any CPU.Build.0 = Debug|Any CPU
		{AB06FA94-81BD-49DB-8CE4-D3B387515AE2}.Release|Any CPU.ActiveCfg = Release|Any CPU
		{AB06FA94-81BD-49DB-8CE4-D3B387515AE2}.Release|Any CPU.Build.0 = Release|Any CPU
		{82499EA3-71FF-48A1-A1FF-4201A7C42A16}.Debug|Any CPU.ActiveCfg = Debug|Any CPU
		{82499EA3-71FF-48A1-A1FF-4201A7C42A16}.Debug|Any CPU.Build.0 = Debug|Any CPU
		{82499EA3-71FF-48A1-A1FF-4201A7C42A16}.Release|Any CPU.ActiveCfg = Release|Any CPU
		{82499EA3-71FF-48A1-A1FF-4201A7C42A16}.Release|Any CPU.Build.0 = Release|Any CPU
		{514146A9-6D3D-4795-9CE2-FBC0211C3459}.Debug|Any CPU.ActiveCfg = Debug|Any CPU
		{514146A9-6D3D-4795-9CE2-FBC0211C3459}.Debug|Any CPU.Build.0 = Debug|Any CPU
		{514146A9-6D3D-4795-9CE2-FBC0211C3459}.Release|Any CPU.ActiveCfg = Release|Any CPU
		{514146A9-6D3D-4795-9CE2-FBC0211C3459}.Release|Any CPU.Build.0 = Release|Any CPU
		{E273BFE0-A42A-4C25-93BC-E68B2497377B}.Debug|Any CPU.ActiveCfg = Debug|Any CPU
		{E273BFE0-A42A-4C25-93BC-E68B2497377B}.Debug|Any CPU.Build.0 = Debug|Any CPU
		{E273BFE0-A42A-4C25-93BC-E68B2497377B}.Release|Any CPU.ActiveCfg = Release|Any CPU
		{E273BFE0-A42A-4C25-93BC-E68B2497377B}.Release|Any CPU.Build.0 = Release|Any CPU
		{163EF09D-BEA8-4388-8586-F6E1F3F6B725}.Debug|Any CPU.ActiveCfg = Debug|Any CPU
		{163EF09D-BEA8-4388-8586-F6E1F3F6B725}.Debug|Any CPU.Build.0 = Debug|Any CPU
		{163EF09D-BEA8-4388-8586-F6E1F3F6B725}.Release|Any CPU.ActiveCfg = Release|Any CPU
		{163EF09D-BEA8-4388-8586-F6E1F3F6B725}.Release|Any CPU.Build.0 = Release|Any CPU
	EndGlobalSection
	GlobalSection(SolutionProperties) = preSolution
		HideSolutionNode = FALSE
	EndGlobalSection
	GlobalSection(NestedProjects) = preSolution
		{67ED3366-EC71-4CA0-9A4A-7466E9561D91} = {908E884B-89AA-4FCC-8E12-71611F967834}
		{F965D738-5763-424A-B030-EC52EDBCCEEE} = {5F883E30-4395-4F90-ABEA-9B512A82F1C1}
		{9B35999A-B3B8-4D21-8F25-5F8E3D5B5477} = {BEAD0D2D-81A2-4B7F-8C30-2627779C8DE1}
		{AB06FA94-81BD-49DB-8CE4-D3B387515AE2} = {BEAD0D2D-81A2-4B7F-8C30-2627779C8DE1}
		{82499EA3-71FF-48A1-A1FF-4201A7C42A16} = {064EB41F-1EAD-4A57-929C-9B0C859C2E6A}
		{514146A9-6D3D-4795-9CE2-FBC0211C3459} = {908E884B-89AA-4FCC-8E12-71611F967834}
		{E273BFE0-A42A-4C25-93BC-E68B2497377B} = {908E884B-89AA-4FCC-8E12-71611F967834}
		{163EF09D-BEA8-4388-8586-F6E1F3F6B725} = {908E884B-89AA-4FCC-8E12-71611F967834}
	EndGlobalSection
	GlobalSection(ExtensibilityGlobals) = postSolution
		SolutionGuid = {9064D05F-0AC3-4BD1-8D1A-1B12BE0ED080}
	EndGlobalSection
EndGlobal
