
Microsoft Visual Studio Solution File, Format Version 12.00
# Visual Studio Version 17
VisualStudioVersion = 17.5.33502.453
MinimumVisualStudioVersion = 10.0.40219.1
Project("{2150E333-8FDC-42A3-9474-1A3956D46DE8}") = "000 Application", "000 Application", "{908E884B-89AA-4FCC-8E12-71611F967834}"
EndProject
Project("{2150E333-8FDC-42A3-9474-1A3956D46DE8}") = "002 Services", "002 Services", "{BEAD0D2D-81A2-4B7F-8C30-2627779C8DE1}"
EndProject
Project("{2150E333-8FDC-42A3-9474-1A3956D46DE8}") = "001 Common", "001 Common", "{5F883E30-4395-4F90-ABEA-9B512A82F1C1}"
EndProject
Project("{2150E333-8FDC-42A3-9474-1A3956D46DE8}") = "004 Extensions", "004 Extensions", "{D8F97C1A-CB85-4F40-9752-573F61027E74}"
EndProject
Project("{2150E333-8FDC-42A3-9474-1A3956D46DE8}") = "003 3rdParty", "003 3rdParty", "{9810A20A-35EA-4C7F-92C0-39A4FA807D0B}"
EndProject
Project("{9A19103F-16F7-4668-BE54-9A1E7A4F7556}") = "Zoranof.UI.Wpf", "..\..\..\Zoranof.UI.Wpf\src\Zoranof.UI.Wpf\Zoranof.UI.Wpf.csproj", "{7E335C22-6795-4EF2-819E-3A1F870DB090}"
EndProject
Project("{9A19103F-16F7-4668-BE54-9A1E7A4F7556}") = "ATE", "000_Application\ATE\ATE.csproj", "{A41A2B2C-23C4-47CB-BEEE-F919E70E0614}"
EndProject
Project("{9A19103F-16F7-4668-BE54-9A1E7A4F7556}") = "ATE.Core", "000_Application\ATE.Core\ATE.Core.csproj", "{3BD79B9C-4CE0-444A-B785-1D781F0FD699}"
EndProject
Project("{9A19103F-16F7-4668-BE54-9A1E7A4F7556}") = "ATE.UI", "000_Application\ATE.UI\ATE.UI.csproj", "{66DF7231-62B6-4B85-873D-E4BE92F4BA68}"
EndProject
Project("{9A19103F-16F7-4668-BE54-9A1E7A4F7556}") = "ATE.WorkFlow", "000_Application\ATE.WorkFlow\ATE.WorkFlow.csproj", "{FF808429-92F3-4903-B0CB-764D0EC76E13}"
EndProject
Project("{9A19103F-16F7-4668-BE54-9A1E7A4F7556}") = "ATE.Common", "001_Common\ATE.Common\ATE.Common.csproj", "{2BBF3879-4188-430E-9DDB-9E089FA88481}"
EndProject
Project("{9A19103F-16F7-4668-BE54-9A1E7A4F7556}") = "ATE.Service", "002_Services\ATE.Service\ATE.Service.csproj", "{DF998805-7379-42A7-A383-05A8765142AB}"
EndProject
Project("{9A19103F-16F7-4668-BE54-9A1E7A4F7556}") = "ATE.IService", "002_Services\ATE.IService\ATE.IService.csproj", "{23BEC40B-9943-4733-AB28-0837B3DD83CC}"
EndProject
Project("{9A19103F-16F7-4668-BE54-9A1E7A4F7556}") = "Zoranof.WorkFlow", "003_3rd\Zoranof.WorkFlow\Zoranof.WorkFlow.csproj", "{48778663-D2BB-4AF7-A4E9-F7E705D12A58}"
EndProject
Project("{9A19103F-16F7-4668-BE54-9A1E7A4F7556}") = "Zoranof.GraphicsFramework", "003_3rd\Zoranof.GraphicsFramework\Zoranof.GraphicsFramework.csproj", "{105FB0E8-ABB3-4830-9FFC-A613731979D2}"
EndProject
Project("{2150E333-8FDC-42A3-9474-1A3956D46DE8}") = "005 Tests", "005 Tests", "{CA8DFFBC-5AAB-47B2-AE6D-1B1AC759AFAC}"
EndProject
Project("{2150E333-8FDC-42A3-9474-1A3956D46DE8}") = "Solution Items", "Solution Items", "{5185416C-2C0B-47C1-A556-FC5714FD6C38}"
	ProjectSection(SolutionItems) = preProject
		.editorconfig = .editorconfig
	EndProjectSection
EndProject
Project("{9A19103F-16F7-4668-BE54-9A1E7A4F7556}") = "Zoranof.Workflow.Test", "005 Tests\Zoranof.Workflow.Test\Zoranof.Workflow.Test.csproj", "{8C13BE1D-E269-4F13-BC26-3F322F0593B4}"
EndProject
Project("{FAE04EC0-301F-11D3-BF4B-00C04F79EFBC}") = "ConsoleApp1", "005 Tests\ConsoleApp1\ConsoleApp1.csproj", "{5FC74C93-50ED-4B26-B601-24E1B723018C}"
EndProject
Global
	GlobalSection(SolutionConfigurationPlatforms) = preSolution
		Debug|Any CPU = Debug|Any CPU
		Release|Any CPU = Release|Any CPU
	EndGlobalSection
	GlobalSection(ProjectConfigurationPlatforms) = postSolution
		{7E335C22-6795-4EF2-819E-3A1F870DB090}.Debug|Any CPU.ActiveCfg = Debug|Any CPU
		{7E335C22-6795-4EF2-819E-3A1F870DB090}.Debug|Any CPU.Build.0 = Debug|Any CPU
		{7E335C22-6795-4EF2-819E-3A1F870DB090}.Release|Any CPU.ActiveCfg = Release|Any CPU
		{7E335C22-6795-4EF2-819E-3A1F870DB090}.Release|Any CPU.Build.0 = Release|Any CPU
		{A41A2B2C-23C4-47CB-BEEE-F919E70E0614}.Debug|Any CPU.ActiveCfg = Debug|Any CPU
		{A41A2B2C-23C4-47CB-BEEE-F919E70E0614}.Debug|Any CPU.Build.0 = Debug|Any CPU
		{A41A2B2C-23C4-47CB-BEEE-F919E70E0614}.Release|Any CPU.ActiveCfg = Release|Any CPU
		{A41A2B2C-23C4-47CB-BEEE-F919E70E0614}.Release|Any CPU.Build.0 = Release|Any CPU
		{3BD79B9C-4CE0-444A-B785-1D781F0FD699}.Debug|Any CPU.ActiveCfg = Debug|Any CPU
		{3BD79B9C-4CE0-444A-B785-1D781F0FD699}.Debug|Any CPU.Build.0 = Debug|Any CPU
		{3BD79B9C-4CE0-444A-B785-1D781F0FD699}.Release|Any CPU.ActiveCfg = Release|Any CPU
		{3BD79B9C-4CE0-444A-B785-1D781F0FD699}.Release|Any CPU.Build.0 = Release|Any CPU
		{66DF7231-62B6-4B85-873D-E4BE92F4BA68}.Debug|Any CPU.ActiveCfg = Debug|Any CPU
		{66DF7231-62B6-4B85-873D-E4BE92F4BA68}.Debug|Any CPU.Build.0 = Debug|Any CPU
		{66DF7231-62B6-4B85-873D-E4BE92F4BA68}.Release|Any CPU.ActiveCfg = Release|Any CPU
		{66DF7231-62B6-4B85-873D-E4BE92F4BA68}.Release|Any CPU.Build.0 = Release|Any CPU
		{FF808429-92F3-4903-B0CB-764D0EC76E13}.Debug|Any CPU.ActiveCfg = Debug|Any CPU
		{FF808429-92F3-4903-B0CB-764D0EC76E13}.Debug|Any CPU.Build.0 = Debug|Any CPU
		{FF808429-92F3-4903-B0CB-764D0EC76E13}.Release|Any CPU.ActiveCfg = Release|Any CPU
		{FF808429-92F3-4903-B0CB-764D0EC76E13}.Release|Any CPU.Build.0 = Release|Any CPU
		{2BBF3879-4188-430E-9DDB-9E089FA88481}.Debug|Any CPU.ActiveCfg = Debug|Any CPU
		{2BBF3879-4188-430E-9DDB-9E089FA88481}.Debug|Any CPU.Build.0 = Debug|Any CPU
		{2BBF3879-4188-430E-9DDB-9E089FA88481}.Release|Any CPU.ActiveCfg = Release|Any CPU
		{2BBF3879-4188-430E-9DDB-9E089FA88481}.Release|Any CPU.Build.0 = Release|Any CPU
		{DF998805-7379-42A7-A383-05A8765142AB}.Debug|Any CPU.ActiveCfg = Debug|Any CPU
		{DF998805-7379-42A7-A383-05A8765142AB}.Debug|Any CPU.Build.0 = Debug|Any CPU
		{DF998805-7379-42A7-A383-05A8765142AB}.Release|Any CPU.ActiveCfg = Release|Any CPU
		{DF998805-7379-42A7-A383-05A8765142AB}.Release|Any CPU.Build.0 = Release|Any CPU
		{23BEC40B-9943-4733-AB28-0837B3DD83CC}.Debug|Any CPU.ActiveCfg = Debug|Any CPU
		{23BEC40B-9943-4733-AB28-0837B3DD83CC}.Debug|Any CPU.Build.0 = Debug|Any CPU
		{23BEC40B-9943-4733-AB28-0837B3DD83CC}.Release|Any CPU.ActiveCfg = Release|Any CPU
		{23BEC40B-9943-4733-AB28-0837B3DD83CC}.Release|Any CPU.Build.0 = Release|Any CPU
		{48778663-D2BB-4AF7-A4E9-F7E705D12A58}.Debug|Any CPU.ActiveCfg = Debug|Any CPU
		{48778663-D2BB-4AF7-A4E9-F7E705D12A58}.Debug|Any CPU.Build.0 = Debug|Any CPU
		{48778663-D2BB-4AF7-A4E9-F7E705D12A58}.Release|Any CPU.ActiveCfg = Release|Any CPU
		{48778663-D2BB-4AF7-A4E9-F7E705D12A58}.Release|Any CPU.Build.0 = Release|Any CPU
		{105FB0E8-ABB3-4830-9FFC-A613731979D2}.Debug|Any CPU.ActiveCfg = Debug|Any CPU
		{105FB0E8-ABB3-4830-9FFC-A613731979D2}.Debug|Any CPU.Build.0 = Debug|Any CPU
		{105FB0E8-ABB3-4830-9FFC-A613731979D2}.Release|Any CPU.ActiveCfg = Release|Any CPU
		{105FB0E8-ABB3-4830-9FFC-A613731979D2}.Release|Any CPU.Build.0 = Release|Any CPU
		{8C13BE1D-E269-4F13-BC26-3F322F0593B4}.Debug|Any CPU.ActiveCfg = Debug|Any CPU
		{8C13BE1D-E269-4F13-BC26-3F322F0593B4}.Debug|Any CPU.Build.0 = Debug|Any CPU
		{8C13BE1D-E269-4F13-BC26-3F322F0593B4}.Release|Any CPU.ActiveCfg = Release|Any CPU
		{8C13BE1D-E269-4F13-BC26-3F322F0593B4}.Release|Any CPU.Build.0 = Release|Any CPU
		{5FC74C93-50ED-4B26-B601-24E1B723018C}.Debug|Any CPU.ActiveCfg = Debug|Any CPU
		{5FC74C93-50ED-4B26-B601-24E1B723018C}.Debug|Any CPU.Build.0 = Debug|Any CPU
		{5FC74C93-50ED-4B26-B601-24E1B723018C}.Release|Any CPU.ActiveCfg = Release|Any CPU
		{5FC74C93-50ED-4B26-B601-24E1B723018C}.Release|Any CPU.Build.0 = Release|Any CPU
	EndGlobalSection
	GlobalSection(SolutionProperties) = preSolution
		HideSolutionNode = FALSE
	EndGlobalSection
	GlobalSection(NestedProjects) = preSolution
		{7E335C22-6795-4EF2-819E-3A1F870DB090} = {9810A20A-35EA-4C7F-92C0-39A4FA807D0B}
		{A41A2B2C-23C4-47CB-BEEE-F919E70E0614} = {908E884B-89AA-4FCC-8E12-71611F967834}
		{3BD79B9C-4CE0-444A-B785-1D781F0FD699} = {908E884B-89AA-4FCC-8E12-71611F967834}
		{66DF7231-62B6-4B85-873D-E4BE92F4BA68} = {908E884B-89AA-4FCC-8E12-71611F967834}
		{FF808429-92F3-4903-B0CB-764D0EC76E13} = {908E884B-89AA-4FCC-8E12-71611F967834}
		{2BBF3879-4188-430E-9DDB-9E089FA88481} = {5F883E30-4395-4F90-ABEA-9B512A82F1C1}
		{DF998805-7379-42A7-A383-05A8765142AB} = {BEAD0D2D-81A2-4B7F-8C30-2627779C8DE1}
		{23BEC40B-9943-4733-AB28-0837B3DD83CC} = {BEAD0D2D-81A2-4B7F-8C30-2627779C8DE1}
		{48778663-D2BB-4AF7-A4E9-F7E705D12A58} = {9810A20A-35EA-4C7F-92C0-39A4FA807D0B}
		{105FB0E8-ABB3-4830-9FFC-A613731979D2} = {9810A20A-35EA-4C7F-92C0-39A4FA807D0B}
		{8C13BE1D-E269-4F13-BC26-3F322F0593B4} = {CA8DFFBC-5AAB-47B2-AE6D-1B1AC759AFAC}
		{5FC74C93-50ED-4B26-B601-24E1B723018C} = {CA8DFFBC-5AAB-47B2-AE6D-1B1AC759AFAC}
	EndGlobalSection
	GlobalSection(ExtensibilityGlobals) = postSolution
		SolutionGuid = {9064D05F-0AC3-4BD1-8D1A-1B12BE0ED080}
	EndGlobalSection
EndGlobal
